// !$*UTF8*$!
{
	archiveVersion = 1;
	classes = {
	};
	objectVersion = 52;
	objects = {

/* Begin PBXBuildFile section */
		525D58CD28539E9600BA2EE1 /* AppDelegate.swift in Sources */ = {isa = PBXBuildFile; fileRef = 525D58CC28539E9600BA2EE1 /* AppDelegate.swift */; };
		525D58CF28539E9600BA2EE1 /* SceneDelegate.swift in Sources */ = {isa = PBXBuildFile; fileRef = 525D58CE28539E9600BA2EE1 /* SceneDelegate.swift */; };
		525D58D128539E9600BA2EE1 /* Onboarding.swift in Sources */ = {isa = PBXBuildFile; fileRef = 525D58D028539E9600BA2EE1 /* Onboarding.swift */; };
		525D58D628539EA100BA2EE1 /* Assets.xcassets in Resources */ = {isa = PBXBuildFile; fileRef = 525D58D528539EA100BA2EE1 /* Assets.xcassets */; };
		525D58D928539EA100BA2EE1 /* LaunchScreen.storyboard in Resources */ = {isa = PBXBuildFile; fileRef = 525D58D728539EA100BA2EE1 /* LaunchScreen.storyboard */; };
		525D58E328539F5900BA2EE1 /* SnapKit in Frameworks */ = {isa = PBXBuildFile; productRef = 525D58E228539F5900BA2EE1 /* SnapKit */; };
		52632FCF285A4127005C0C1E /* Favorites.swift in Sources */ = {isa = PBXBuildFile; fileRef = 52632FCE285A4127005C0C1E /* Favorites.swift */; };
		52632FD2285A4303005C0C1E /* Home .swift in Sources */ = {isa = PBXBuildFile; fileRef = 52632FD1285A4303005C0C1E /* Home .swift */; };
		52632FD6285A44F0005C0C1E /* Bucket.swift in Sources */ = {isa = PBXBuildFile; fileRef = 52632FD5285A44F0005C0C1E /* Bucket.swift */; };
		52632FD9285A479A005C0C1E /* List.swift in Sources */ = {isa = PBXBuildFile; fileRef = 52632FD8285A479A005C0C1E /* List.swift */; };
		52632FE4285F58A8005C0C1E /* Extensions.swift in Sources */ = {isa = PBXBuildFile; fileRef = 52632FE3285F58A8005C0C1E /* Extensions.swift */; };
		52632FE7285F806D005C0C1E /* Helpers.swift in Sources */ = {isa = PBXBuildFile; fileRef = 52632FE6285F806D005C0C1E /* Helpers.swift */; };
		52632FEA285FB2AF005C0C1E /* Utilities.swift in Sources */ = {isa = PBXBuildFile; fileRef = 52632FE9285FB2AF005C0C1E /* Utilities.swift */; };
		5264B642285730AC0026C5A7 /* MainView.swift in Sources */ = {isa = PBXBuildFile; fileRef = 5264B641285730AC0026C5A7 /* MainView.swift */; };
/* End PBXBuildFile section */

/* Begin PBXFileReference section */
		525D58C928539E9600BA2EE1 /* NikeStoreClone.app */ = {isa = PBXFileReference; explicitFileType = wrapper.application; includeInIndex = 0; path = NikeStoreClone.app; sourceTree = BUILT_PRODUCTS_DIR; };
		525D58CC28539E9600BA2EE1 /* AppDelegate.swift */ = {isa = PBXFileReference; lastKnownFileType = sourcecode.swift; path = AppDelegate.swift; sourceTree = "<group>"; };
		525D58CE28539E9600BA2EE1 /* SceneDelegate.swift */ = {isa = PBXFileReference; lastKnownFileType = sourcecode.swift; path = SceneDelegate.swift; sourceTree = "<group>"; };
		525D58D028539E9600BA2EE1 /* Onboarding.swift */ = {isa = PBXFileReference; lastKnownFileType = sourcecode.swift; path = Onboarding.swift; sourceTree = "<group>"; };
		525D58D528539EA100BA2EE1 /* Assets.xcassets */ = {isa = PBXFileReference; lastKnownFileType = folder.assetcatalog; path = Assets.xcassets; sourceTree = "<group>"; };
		525D58D828539EA100BA2EE1 /* Base */ = {isa = PBXFileReference; lastKnownFileType = file.storyboard; name = Base; path = Base.lproj/LaunchScreen.storyboard; sourceTree = "<group>"; };
		525D58DA28539EA100BA2EE1 /* Info.plist */ = {isa = PBXFileReference; lastKnownFileType = text.plist.xml; path = Info.plist; sourceTree = "<group>"; };
		52632FCE285A4127005C0C1E /* Favorites.swift */ = {isa = PBXFileReference; lastKnownFileType = sourcecode.swift; path = Favorites.swift; sourceTree = "<group>"; };
		52632FD1285A4303005C0C1E /* Home .swift */ = {isa = PBXFileReference; lastKnownFileType = sourcecode.swift; path = "Home .swift"; sourceTree = "<group>"; };
		52632FD5285A44F0005C0C1E /* Bucket.swift */ = {isa = PBXFileReference; lastKnownFileType = sourcecode.swift; path = Bucket.swift; sourceTree = "<group>"; };
		52632FD8285A479A005C0C1E /* List.swift */ = {isa = PBXFileReference; lastKnownFileType = sourcecode.swift; path = List.swift; sourceTree = "<group>"; };
		52632FE3285F58A8005C0C1E /* Extensions.swift */ = {isa = PBXFileReference; lastKnownFileType = sourcecode.swift; path = Extensions.swift; sourceTree = "<group>"; };
		52632FE6285F806D005C0C1E /* Helpers.swift */ = {isa = PBXFileReference; lastKnownFileType = sourcecode.swift; path = Helpers.swift; sourceTree = "<group>"; };
		52632FE9285FB2AF005C0C1E /* Utilities.swift */ = {isa = PBXFileReference; lastKnownFileType = sourcecode.swift; path = Utilities.swift; sourceTree = "<group>"; };
		5264B641285730AC0026C5A7 /* MainView.swift */ = {isa = PBXFileReference; lastKnownFileType = sourcecode.swift; path = MainView.swift; sourceTree = "<group>"; };
/* End PBXFileReference section */

/* Begin PBXFrameworksBuildPhase section */
		525D58C628539E9600BA2EE1 /* Frameworks */ = {
			isa = PBXFrameworksBuildPhase;
			buildActionMask = 2147483647;
			files = (
				525D58E328539F5900BA2EE1 /* SnapKit in Frameworks */,
			);
			runOnlyForDeploymentPostprocessing = 0;
		};
/* End PBXFrameworksBuildPhase section */

/* Begin PBXGroup section */
		525D58C028539E9600BA2EE1 = {
			isa = PBXGroup;
			children = (
				525D58CB28539E9600BA2EE1 /* NikeStoreClone */,
				525D58CA28539E9600BA2EE1 /* Products */,
			);
			sourceTree = "<group>";
		};
		525D58CA28539E9600BA2EE1 /* Products */ = {
			isa = PBXGroup;
			children = (
				525D58C928539E9600BA2EE1 /* NikeStoreClone.app */,
			);
			name = Products;
			sourceTree = "<group>";
		};
		525D58CB28539E9600BA2EE1 /* NikeStoreClone */ = {
			isa = PBXGroup;
			children = (
				525D58CC28539E9600BA2EE1 /* AppDelegate.swift */,
				525D58CE28539E9600BA2EE1 /* SceneDelegate.swift */,
				525D58D028539E9600BA2EE1 /* Onboarding.swift */,
				5264B641285730AC0026C5A7 /* MainView.swift */,
				52632FE3285F58A8005C0C1E /* Extensions.swift */,
				52632FE9285FB2AF005C0C1E /* Utilities.swift */,
				52632FD8285A479A005C0C1E /* List.swift */,
				52632FD5285A44F0005C0C1E /* Bucket.swift */,
				52632FD1285A4303005C0C1E /* Home .swift */,
				52632FE6285F806D005C0C1E /* Helpers.swift */,
				52632FCE285A4127005C0C1E /* Favorites.swift */,
				525D58D528539EA100BA2EE1 /* Assets.xcassets */,
				525D58D728539EA100BA2EE1 /* LaunchScreen.storyboard */,
				525D58DA28539EA100BA2EE1 /* Info.plist */,
			);
			path = NikeStoreClone;
			sourceTree = "<group>";
		};
/* End PBXGroup section */

/* Begin PBXNativeTarget section */
		525D58C828539E9600BA2EE1 /* NikeStoreClone */ = {
			isa = PBXNativeTarget;
			buildConfigurationList = 525D58DD28539EA100BA2EE1 /* Build configuration list for PBXNativeTarget "NikeStoreClone" */;
			buildPhases = (
				525D58C528539E9600BA2EE1 /* Sources */,
				525D58C628539E9600BA2EE1 /* Frameworks */,
				525D58C728539E9600BA2EE1 /* Resources */,
			);
			buildRules = (
			);
			dependencies = (
			);
			name = NikeStoreClone;
			packageProductDependencies = (
				525D58E228539F5900BA2EE1 /* SnapKit */,
			);
			productName = NikeStoreClone;
			productReference = 525D58C928539E9600BA2EE1 /* NikeStoreClone.app */;
			productType = "com.apple.product-type.application";
		};
/* End PBXNativeTarget section */

/* Begin PBXProject section */
		525D58C128539E9600BA2EE1 /* Project object */ = {
			isa = PBXProject;
			attributes = {
				LastSwiftUpdateCheck = 1240;
				LastUpgradeCheck = 1240;
				TargetAttributes = {
					525D58C828539E9600BA2EE1 = {
						CreatedOnToolsVersion = 12.4;
					};
				};
			};
			buildConfigurationList = 525D58C428539E9600BA2EE1 /* Build configuration list for PBXProject "NikeStoreClone" */;
			compatibilityVersion = "Xcode 9.3";
			developmentRegion = en;
			hasScannedForEncodings = 0;
			knownRegions = (
				en,
				Base,
			);
			mainGroup = 525D58C028539E9600BA2EE1;
			packageReferences = (
				525D58E128539F5900BA2EE1 /* XCRemoteSwiftPackageReference "SnapKit" */,
			);
			productRefGroup = 525D58CA28539E9600BA2EE1 /* Products */;
			projectDirPath = "";
			projectRoot = "";
			targets = (
				525D58C828539E9600BA2EE1 /* NikeStoreClone */,
			);
		};
/* End PBXProject section */

/* Begin PBXResourcesBuildPhase section */
		525D58C728539E9600BA2EE1 /* Resources */ = {
			isa = PBXResourcesBuildPhase;
			buildActionMask = 2147483647;
			files = (
				525D58D928539EA100BA2EE1 /* LaunchScreen.storyboard in Resources */,
				525D58D628539EA100BA2EE1 /* Assets.xcassets in Resources */,
			);
			runOnlyForDeploymentPostprocessing = 0;
		};
/* End PBXResourcesBuildPhase section */

/* Begin PBXSourcesBuildPhase section */
		525D58C528539E9600BA2EE1 /* Sources */ = {
			isa = PBXSourcesBuildPhase;
			buildActionMask = 2147483647;
			files = (
				5264B642285730AC0026C5A7 /* MainView.swift in Sources */,
				52632FE4285F58A8005C0C1E /* Extensions.swift in Sources */,
				52632FEA285FB2AF005C0C1E /* Utilities.swift in Sources */,
				525D58D128539E9600BA2EE1 /* Onboarding.swift in Sources */,
				52632FE7285F806D005C0C1E /* Helpers.swift in Sources */,
				52632FCF285A4127005C0C1E /* Favorites.swift in Sources */,
				52632FD9285A479A005C0C1E /* List.swift in Sources */,
				52632FD2285A4303005C0C1E /* Home .swift in Sources */,
				52632FD6285A44F0005C0C1E /* Bucket.swift in Sources */,
				525D58CD28539E9600BA2EE1 /* AppDelegate.swift in Sources */,
				525D58CF28539E9600BA2EE1 /* SceneDelegate.swift in Sources */,
			);
			runOnlyForDeploymentPostprocessing = 0;
		};
/* End PBXSourcesBuildPhase section */

/* Begin PBXVariantGroup section */
		525D58D728539EA100BA2EE1 /* LaunchScreen.storyboard */ = {
			isa = PBXVariantGroup;
			children = (
				525D58D828539EA100BA2EE1 /* Base */,
			);
			name = LaunchScreen.storyboard;
			sourceTree = "<group>";
		};
/* End PBXVariantGroup section */

/* Begin XCBuildConfiguration section */
		525D58DB28539EA100BA2EE1 /* Debug */ = {
			isa = XCBuildConfiguration;
			buildSettings = {
				ALWAYS_SEARCH_USER_PATHS = NO;
				CLANG_ANALYZER_NONNULL = YES;
				CLANG_ANALYZER_NUMBER_OBJECT_CONVERSION = YES_AGGRESSIVE;
				CLANG_CXX_LANGUAGE_STANDARD = "gnu++14";
				CLANG_CXX_LIBRARY = "libc++";
				CLANG_ENABLE_MODULES = YES;
				CLANG_ENABLE_OBJC_ARC = YES;
				CLANG_ENABLE_OBJC_WEAK = YES;
				CLANG_WARN_BLOCK_CAPTURE_AUTORELEASING = YES;
				CLANG_WARN_BOOL_CONVERSION = YES;
				CLANG_WARN_COMMA = YES;
				CLANG_WARN_CONSTANT_CONVERSION = YES;
				CLANG_WARN_DEPRECATED_OBJC_IMPLEMENTATIONS = YES;
				CLANG_WARN_DIRECT_OBJC_ISA_USAGE = YES_ERROR;
				CLANG_WARN_DOCUMENTATION_COMMENTS = YES;
				CLANG_WARN_EMPTY_BODY = YES;
				CLANG_WARN_ENUM_CONVERSION = YES;
				CLANG_WARN_INFINITE_RECURSION = YES;
				CLANG_WARN_INT_CONVERSION = YES;
				CLANG_WARN_NON_LITERAL_NULL_CONVERSION = YES;
				CLANG_WARN_OBJC_IMPLICIT_RETAIN_SELF = YES;
				CLANG_WARN_OBJC_LITERAL_CONVERSION = YES;
				CLANG_WARN_OBJC_ROOT_CLASS = YES_ERROR;
				CLANG_WARN_QUOTED_INCLUDE_IN_FRAMEWORK_HEADER = YES;
				CLANG_WARN_RANGE_LOOP_ANALYSIS = YES;
				CLANG_WARN_STRICT_PROTOTYPES = YES;
				CLANG_WARN_SUSPICIOUS_MOVE = YES;
				CLANG_WARN_UNGUARDED_AVAILABILITY = YES_AGGRESSIVE;
				CLANG_WARN_UNREACHABLE_CODE = YES;
				CLANG_WARN__DUPLICATE_METHOD_MATCH = YES;
				COPY_PHASE_STRIP = NO;
				DEBUG_INFORMATION_FORMAT = dwarf;
				ENABLE_STRICT_OBJC_MSGSEND = YES;
				ENABLE_TESTABILITY = YES;
				GCC_C_LANGUAGE_STANDARD = gnu11;
				GCC_DYNAMIC_NO_PIC = NO;
				GCC_NO_COMMON_BLOCKS = YES;
				GCC_OPTIMIZATION_LEVEL = 0;
				GCC_PREPROCESSOR_DEFINITIONS = (
					"DEBUG=1",
					"$(inherited)",
				);
				GCC_WARN_64_TO_32_BIT_CONVERSION = YES;
				GCC_WARN_ABOUT_RETURN_TYPE = YES_ERROR;
				GCC_WARN_UNDECLARED_SELECTOR = YES;
				GCC_WARN_UNINITIALIZED_AUTOS = YES_AGGRESSIVE;
				GCC_WARN_UNUSED_FUNCTION = YES;
				GCC_WARN_UNUSED_VARIABLE = YES;
				IPHONEOS_DEPLOYMENT_TARGET = 14.4;
				MTL_ENABLE_DEBUG_INFO = INCLUDE_SOURCE;
				MTL_FAST_MATH = YES;
				ONLY_ACTIVE_ARCH = YES;
				SDKROOT = iphoneos;
				SWIFT_ACTIVE_COMPILATION_CONDITIONS = DEBUG;
				SWIFT_OPTIMIZATION_LEVEL = "-Onone";
			};
			name = Debug;
		};
		525D58DC28539EA100BA2EE1 /* Release */ = {
			isa = XCBuildConfiguration;
			buildSettings = {
				ALWAYS_SEARCH_USER_PATHS = NO;
				CLANG_ANALYZER_NONNULL = YES;
				CLANG_ANALYZER_NUMBER_OBJECT_CONVERSION = YES_AGGRESSIVE;
				CLANG_CXX_LANGUAGE_STANDARD = "gnu++14";
				CLANG_CXX_LIBRARY = "libc++";
				CLANG_ENABLE_MODULES = YES;
				CLANG_ENABLE_OBJC_ARC = YES;
				CLANG_ENABLE_OBJC_WEAK = YES;
				CLANG_WARN_BLOCK_CAPTURE_AUTORELEASING = YES;
				CLANG_WARN_BOOL_CONVERSION = YES;
				CLANG_WARN_COMMA = YES;
				CLANG_WARN_CONSTANT_CONVERSION = YES;
				CLANG_WARN_DEPRECATED_OBJC_IMPLEMENTATIONS = YES;
				CLANG_WARN_DIRECT_OBJC_ISA_USAGE = YES_ERROR;
				CLANG_WARN_DOCUMENTATION_COMMENTS = YES;
				CLANG_WARN_EMPTY_BODY = YES;
				CLANG_WARN_ENUM_CONVERSION = YES;
				CLANG_WARN_INFINITE_RECURSION = YES;
				CLANG_WARN_INT_CONVERSION = YES;
				CLANG_WARN_NON_LITERAL_NULL_CONVERSION = YES;
				CLANG_WARN_OBJC_IMPLICIT_RETAIN_SELF = YES;
				CLANG_WARN_OBJC_LITERAL_CONVERSION = YES;
				CLANG_WARN_OBJC_ROOT_CLASS = YES_ERROR;
				CLANG_WARN_QUOTED_INCLUDE_IN_FRAMEWORK_HEADER = YES;
				CLANG_WARN_RANGE_LOOP_ANALYSIS = YES;
				CLANG_WARN_STRICT_PROTOTYPES = YES;
				CLANG_WARN_SUSPICIOUS_MOVE = YES;
				CLANG_WARN_UNGUARDED_AVAILABILITY = YES_AGGRESSIVE;
				CLANG_WARN_UNREACHABLE_CODE = YES;
				CLANG_WARN__DUPLICATE_METHOD_MATCH = YES;
				COPY_PHASE_STRIP = NO;
				DEBUG_INFORMATION_FORMAT = "dwarf-with-dsym";
				ENABLE_NS_ASSERTIONS = NO;
				ENABLE_STRICT_OBJC_MSGSEND = YES;
				GCC_C_LANGUAGE_STANDARD = gnu11;
				GCC_NO_COMMON_BLOCKS = YES;
				GCC_WARN_64_TO_32_BIT_CONVERSION = YES;
				GCC_WARN_ABOUT_RETURN_TYPE = YES_ERROR;
				GCC_WARN_UNDECLARED_SELECTOR = YES;
				GCC_WARN_UNINITIALIZED_AUTOS = YES_AGGRESSIVE;
				GCC_WARN_UNUSED_FUNCTION = YES;
				GCC_WARN_UNUSED_VARIABLE = YES;
				IPHONEOS_DEPLOYMENT_TARGET = 14.4;
				MTL_ENABLE_DEBUG_INFO = NO;
				MTL_FAST_MATH = YES;
				SDKROOT = iphoneos;
				SWIFT_COMPILATION_MODE = wholemodule;
				SWIFT_OPTIMIZATION_LEVEL = "-O";
				VALIDATE_PRODUCT = YES;
			};
			name = Release;
		};
		525D58DE28539EA100BA2EE1 /* Debug */ = {
			isa = XCBuildConfiguration;
			buildSettings = {
				ASSETCATALOG_COMPILER_APPICON_NAME = AppIcon;
				ASSETCATALOG_COMPILER_GLOBAL_ACCENT_COLOR_NAME = AccentColor;
				CODE_SIGN_STYLE = Automatic;
				INFOPLIST_FILE = NikeStoreClone/Info.plist;
				LD_RUNPATH_SEARCH_PATHS = (
					"$(inherited)",
					"@executable_path/Frameworks",
				);
				PRODUCT_BUNDLE_IDENTIFIER = co.ibragimov.NikeStoreClone;
				PRODUCT_NAME = "$(TARGET_NAME)";
				SWIFT_VERSION = 5.0;
				TARGETED_DEVICE_FAMILY = "1,2";
			};
			name = Debug;
		};
		525D58DF28539EA100BA2EE1 /* Release */ = {
			isa = XCBuildConfiguration;
			buildSettings = {
				ASSETCATALOG_COMPILER_APPICON_NAME = AppIcon;
				ASSETCATALOG_COMPILER_GLOBAL_ACCENT_COLOR_NAME = AccentColor;
				CODE_SIGN_STYLE = Automatic;
				INFOPLIST_FILE = NikeStoreClone/Info.plist;
				LD_RUNPATH_SEARCH_PATHS = (
					"$(inherited)",
					"@executable_path/Frameworks",
				);
				PRODUCT_BUNDLE_IDENTIFIER = co.ibragimov.NikeStoreClone;
				PRODUCT_NAME = "$(TARGET_NAME)";
				SWIFT_VERSION = 5.0;
				TARGETED_DEVICE_FAMILY = "1,2";
			};
			name = Release;
		};
/* End XCBuildConfiguration section */

/* Begin XCConfigurationList section */
		525D58C428539E9600BA2EE1 /* Build configuration list for PBXProject "NikeStoreClone" */ = {
			isa = XCConfigurationList;
			buildConfigurations = (
				525D58DB28539EA100BA2EE1 /* Debug */,
				525D58DC28539EA100BA2EE1 /* Release */,
			);
			defaultConfigurationIsVisible = 0;
			defaultConfigurationName = Release;
		};
		525D58DD28539EA100BA2EE1 /* Build configuration list for PBXNativeTarget "NikeStoreClone" */ = {
			isa = XCConfigurationList;
			buildConfigurations = (
				525D58DE28539EA100BA2EE1 /* Debug */,
				525D58DF28539EA100BA2EE1 /* Release */,
			);
			defaultConfigurationIsVisible = 0;
			defaultConfigurationName = Release;
		};
/* End XCConfigurationList section */

/* Begin XCRemoteSwiftPackageReference section */
		525D58E128539F5900BA2EE1 /* XCRemoteSwiftPackageReference "SnapKit" */ = {
			isa = XCRemoteSwiftPackageReference;
			repositoryURL = "https://github.com/SnapKit/SnapKit.git";
			requirement = {
				kind = upToNextMajorVersion;
				minimumVersion = 5.6.0;
			};
		};
/* End XCRemoteSwiftPackageReference section */

/* Begin XCSwiftPackageProductDependency section */
		525D58E228539F5900BA2EE1 /* SnapKit */ = {
			isa = XCSwiftPackageProductDependency;
			package = 525D58E128539F5900BA2EE1 /* XCRemoteSwiftPackageReference "SnapKit" */;
			productName = SnapKit;
		};
/* End XCSwiftPackageProductDependency section */
	};
	rootObject = 525D58C128539E9600BA2EE1 /* Project object */;
}
